
Microsoft Visual Studio Solution File, Format Version 12.00
# Visual Studio Version 17
VisualStudioVersion = 17.2.32616.157
MinimumVisualStudioVersion = 10.0.40219.1
Project("{9A19103F-16F7-4668-BE54-9A1E7A4F7556}") = "BookStore.Api", "BookStore.Api\BookStore.Api.csproj", "{922A1D43-7AB4-40F5-8183-704E2C91B948}"
EndProject
Project("{9A19103F-16F7-4668-BE54-9A1E7A4F7556}") = "BookStore.Models", "BookStore.Models\BookStore.Models.csproj", "{07CE7D20-64B2-4102-A07B-2292BE19A651}"
EndProject
Project("{FAE04EC0-301F-11D3-BF4B-00C04F79EFBC}") = "BookStore.Repository", "BookStore.Repository\BookStore.Repository.csproj", "{E253A6CA-058D-48B5-B57C-40935410AA4B}"
EndProject
Global
	GlobalSection(SolutionConfigurationPlatforms) = preSolution
		Debug|Any CPU = Debug|Any CPU
		Release|Any CPU = Release|Any CPU
	EndGlobalSection
	GlobalSection(ProjectConfigurationPlatforms) = postSolution
		{922A1D43-7AB4-40F5-8183-704E2C91B948}.Debug|Any CPU.ActiveCfg = Debug|Any CPU
		{922A1D43-7AB4-40F5-8183-704E2C91B948}.Debug|Any CPU.Build.0 = Debug|Any CPU
		{922A1D43-7AB4-40F5-8183-704E2C91B948}.Release|Any CPU.ActiveCfg = Release|Any CPU
		{922A1D43-7AB4-40F5-8183-704E2C91B948}.Release|Any CPU.Build.0 = Release|Any CPU
		{07CE7D20-64B2-4102-A07B-2292BE19A651}.Debug|Any CPU.ActiveCfg = Debug|Any CPU
		{07CE7D20-64B2-4102-A07B-2292BE19A651}.Debug|Any CPU.Build.0 = Debug|Any CPU
		{07CE7D20-64B2-4102-A07B-2292BE19A651}.Release|Any CPU.ActiveCfg = Release|Any CPU
		{07CE7D20-64B2-4102-A07B-2292BE19A651}.Release|Any CPU.Build.0 = Release|Any CPU
		{E253A6CA-058D-48B5-B57C-40935410AA4B}.Debug|Any CPU.ActiveCfg = Debug|Any CPU
		{E253A6CA-058D-48B5-B57C-40935410AA4B}.Debug|Any CPU.Build.0 = Debug|Any CPU
		{E253A6CA-058D-48B5-B57C-40935410AA4B}.Release|Any CPU.ActiveCfg = Release|Any CPU
		{E253A6CA-058D-48B5-B57C-40935410AA4B}.Release|Any CPU.Build.0 = Release|Any CPU
	EndGlobalSection
	GlobalSection(SolutionProperties) = preSolution
		HideSolutionNode = FALSE
	EndGlobalSection
	GlobalSection(ExtensibilityGlobals) = postSolution
		SolutionGuid = {C9E8A2E2-E0C3-476D-8692-E6C1BBBE23AB}
	EndGlobalSection
EndGlobal
